{
  "name": "design-comuni-wordpress-theme-npm",
  "version": "1.0.0",
  "lockfileVersion": 2,
  "requires": true,
  "packages": {
    "": {
      "name": "design-comuni-wordpress-theme-npm",
      "version": "1.0.0",
      "license": "ISC",
      "dependencies": {
        "bootstrap-italia": "^2.0.2"
      }
    },
    "node_modules/@popperjs/core": {
      "version": "2.11.5",
      "resolved": "https://registry.npmjs.org/@popperjs/core/-/core-2.11.5.tgz",
      "integrity": "sha512-9X2obfABZuDVLCgPK9aX0a/x4jaOEweTTWE2+9sr0Qqqevj2Uv5XorvusThmc9XGYpS9yI+fhh8RTafBtGposw==",
      "funding": {
        "type": "opencollective",
        "url": "https://opencollective.com/popperjs"
      }
    },
    "node_modules/@splidejs/splide": {
      "version": "3.6.12",
      "resolved": "https://registry.npmjs.org/@splidejs/splide/-/splide-3.6.12.tgz",
      "integrity": "sha512-ggOUAuSxjWuxxL0IQEZcux26KByfKWfYM2HYmvDBdxkXc5evVW+xuECO+3iuciyrJpgcbYTr4hn0cHfbNlYIeA=="
    },
    "node_modules/accessible-autocomplete": {
      "version": "2.0.4",
      "resolved": "https://registry.npmjs.org/accessible-autocomplete/-/accessible-autocomplete-2.0.4.tgz",
      "integrity": "sha512-2p0txrSpvs5wXFUeQJHMheDPTZVSEmiUHWlEPb7vJnv2Dd1xPfoLnBQQMfNbTSit2pL/9sSQYESuD2Yyohd4Yw==",
      "dependencies": {
        "preact": "^8.3.1"
      }
    },
    "node_modules/animejs": {
      "version": "3.2.1",
      "resolved": "https://registry.npmjs.org/animejs/-/animejs-3.2.1.tgz",
      "integrity": "sha512-sWno3ugFryK5nhiDm/2BKeFCpZv7vzerWUcUPyAZLDhMek3+S/p418ldZJbJXo5ZUOpfm2kP2XRO4NJcULMy9A=="
    },
    "node_modules/bootstrap": {
      "version": "5.1.3",
      "resolved": "https://registry.npmjs.org/bootstrap/-/bootstrap-5.1.3.tgz",
      "integrity": "sha512-fcQztozJ8jToQWXxVuEyXWW+dSo8AiXWKwiSSrKWsRB/Qt+Ewwza+JWoLKiTuQLaEPhdNAJ7+Dosc9DOIqNy7Q==",
      "funding": {
        "type": "opencollective",
        "url": "https://opencollective.com/bootstrap"
      },
      "peerDependencies": {
        "@popperjs/core": "^2.10.2"
      }
    },
    "node_modules/bootstrap-italia": {
      "version": "2.0.2",
      "resolved": "https://registry.npmjs.org/bootstrap-italia/-/bootstrap-italia-2.0.2.tgz",
      "integrity": "sha512-F3EZ3ANQwbNomhtNu1G95CaJN78FShQTfmuptXfOpSVZNgnwzdVkkB4Mspg8cqPkTeKX2t55N6M8A8P97OVpBA==",
      "dependencies": {
        "@popperjs/core": "^2.11.2",
        "@splidejs/splide": "^3.6.12",
        "accessible-autocomplete": "^2.0.4",
        "animejs": "^3.2.1",
        "bootstrap": "5.1.3",
        "just-validate": "^3.5.1",
        "masonry-layout": "^4.2.2",
        "progressbar.js": "^1.1.0",
        "uuid": "^8.3.2"
      }
    },
    "node_modules/desandro-matches-selector": {
      "version": "2.0.2",
      "resolved": "https://registry.npmjs.org/desandro-matches-selector/-/desandro-matches-selector-2.0.2.tgz",
      "integrity": "sha512-+1q0nXhdzg1IpIJdMKalUwvvskeKnYyEe3shPRwedNcWtnhEKT3ZxvFjzywHDeGcKViIxTCAoOYQWP1qD7VNyg=="
    },
    "node_modules/ev-emitter": {
      "version": "1.1.1",
      "resolved": "https://registry.npmjs.org/ev-emitter/-/ev-emitter-1.1.1.tgz",
      "integrity": "sha512-ipiDYhdQSCZ4hSbX4rMW+XzNKMD1prg/sTvoVmSLkuQ1MVlwjJQQA+sW8tMYR3BLUr9KjodFV4pvzunvRhd33Q=="
    },
    "node_modules/fizzy-ui-utils": {
      "version": "2.0.7",
      "resolved": "https://registry.npmjs.org/fizzy-ui-utils/-/fizzy-ui-utils-2.0.7.tgz",
      "integrity": "sha512-CZXDVXQ1If3/r8s0T+v+qVeMshhfcuq0rqIFgJnrtd+Bu8GmDmqMjntjUePypVtjHXKJ6V4sw9zeyox34n9aCg==",
      "dependencies": {
        "desandro-matches-selector": "^2.0.0"
      }
    },
    "node_modules/fsevents": {
      "version": "2.3.2",
      "resolved": "https://registry.npmjs.org/fsevents/-/fsevents-2.3.2.tgz",
      "integrity": "sha512-xiqMQR4xAeHTuB9uWm+fFRcIOgKBMiOBP+eXiyT7jsgVCq1bkVygt00oASowB7EdtpOHaaPgKt812P9ab+DDKA==",
      "hasInstallScript": true,
      "optional": true,
      "os": [
        "darwin"
      ],
      "engines": {
        "node": "^8.16.0 || ^10.6.0 || >=11.0.0"
      }
    },
    "node_modules/get-size": {
      "version": "2.0.3",
      "resolved": "https://registry.npmjs.org/get-size/-/get-size-2.0.3.tgz",
      "integrity": "sha512-lXNzT/h/dTjTxRbm9BXb+SGxxzkm97h/PCIKtlN/CBCxxmkkIVV21udumMS93MuVTDX583gqc94v3RjuHmI+2Q=="
    },
    "node_modules/just-validate": {
      "version": "3.8.1",
      "resolved": "https://registry.npmjs.org/just-validate/-/just-validate-3.8.1.tgz",
      "integrity": "sha512-nkrFDBmBe/NUwjGRZmV9SdKPA6Tmp4NQw7dMxQMJMr576BrQ+e5XpToxVHJpTri6dcXjPaKcXbYw9+3hJ3Wj9w=="
    },
    "node_modules/masonry-layout": {
      "version": "4.2.2",
      "resolved": "https://registry.npmjs.org/masonry-layout/-/masonry-layout-4.2.2.tgz",
      "integrity": "sha512-iGtAlrpHNyxaR19CvKC3npnEcAwszXoyJiI8ARV2ePi7fmYhIud25MHK8Zx4P0LCC4d3TNO9+rFa1KoK1OEOaA==",
      "dependencies": {
        "get-size": "^2.0.2",
        "outlayer": "^2.1.0"
      }
    },
    "node_modules/outlayer": {
      "version": "2.1.1",
      "resolved": "https://registry.npmjs.org/outlayer/-/outlayer-2.1.1.tgz",
      "integrity": "sha512-+GplXsCQ3VrbGujAeHEzP9SXsBmJxzn/YdDSQZL0xqBmAWBmortu2Y9Gwdp9J0bgDQ8/YNIPMoBM13nTwZfAhw==",
      "dependencies": {
        "ev-emitter": "^1.0.0",
        "fizzy-ui-utils": "^2.0.0",
        "get-size": "^2.0.2"
      }
    },
    "node_modules/preact": {
      "version": "8.5.3",
      "resolved": "https://registry.npmjs.org/preact/-/preact-8.5.3.tgz",
      "integrity": "sha512-O3kKP+1YdgqHOFsZF2a9JVdtqD+RPzCQc3rP+Ualf7V6rmRDchZ9MJbiGTT7LuyqFKZqlHSOyO/oMFmI2lVTsw==",
      "hasInstallScript": true
    },
    "node_modules/progressbar.js": {
      "version": "1.1.0",
      "resolved": "https://registry.npmjs.org/progressbar.js/-/progressbar.js-1.1.0.tgz",
      "integrity": "sha512-K68/xcyXKo2I6T3PfIkXrRaycxROmWeU4bugb49iulWR25cU94PM0cfZ47S0jDhG5K3vPhZwCOy1fgb5Pgh6UQ==",
      "dependencies": {
        "shifty": "^2.1.2"
      }
    },
    "node_modules/shifty": {
      "version": "2.18.0",
      "resolved": "https://registry.npmjs.org/shifty/-/shifty-2.18.0.tgz",
      "integrity": "sha512-sYM2zW02g9UkB+5Ch7f1WhwAbBkZnesrhpQ5LVZ4x6RcnFTCb0MLJu82/detkTfdAURtU4HLlw4fH6m12lTGNw==",
      "optionalDependencies": {
        "fsevents": "^2.3.2"
      }
    },
    "node_modules/uuid": {
      "version": "8.3.2",
      "resolved": "https://registry.npmjs.org/uuid/-/uuid-8.3.2.tgz",
      "integrity": "sha512-+NYs2QeMWy+GWFOEm9xnn6HCDp0l7QBD7ml8zLUmJ+93Q5NF0NocErnwkTkXVFNiX3/fpC6afS8Dhb/gz7R7eg==",
      "bin": {
        "uuid": "dist/bin/uuid"
      }
    }
  },
  "dependencies": {
    "@popperjs/core": {
      "version": "2.11.5",
      "resolved": "https://registry.npmjs.org/@popperjs/core/-/core-2.11.5.tgz",
      "integrity": "sha512-9X2obfABZuDVLCgPK9aX0a/x4jaOEweTTWE2+9sr0Qqqevj2Uv5XorvusThmc9XGYpS9yI+fhh8RTafBtGposw=="
    },
    "@splidejs/splide": {
      "version": "3.6.12",
      "resolved": "https://registry.npmjs.org/@splidejs/splide/-/splide-3.6.12.tgz",
      "integrity": "sha512-ggOUAuSxjWuxxL0IQEZcux26KByfKWfYM2HYmvDBdxkXc5evVW+xuECO+3iuciyrJpgcbYTr4hn0cHfbNlYIeA=="
    },
    "accessible-autocomplete": {
      "version": "2.0.4",
      "resolved": "https://registry.npmjs.org/accessible-autocomplete/-/accessible-autocomplete-2.0.4.tgz",
      "integrity": "sha512-2p0txrSpvs5wXFUeQJHMheDPTZVSEmiUHWlEPb7vJnv2Dd1xPfoLnBQQMfNbTSit2pL/9sSQYESuD2Yyohd4Yw==",
      "requires": {
        "preact": "^8.3.1"
      }
    },
    "animejs": {
      "version": "3.2.1",
      "resolved": "https://registry.npmjs.org/animejs/-/animejs-3.2.1.tgz",
      "integrity": "sha512-sWno3ugFryK5nhiDm/2BKeFCpZv7vzerWUcUPyAZLDhMek3+S/p418ldZJbJXo5ZUOpfm2kP2XRO4NJcULMy9A=="
    },
    "bootstrap": {
      "version": "5.1.3",
      "resolved": "https://registry.npmjs.org/bootstrap/-/bootstrap-5.1.3.tgz",
      "integrity": "sha512-fcQztozJ8jToQWXxVuEyXWW+dSo8AiXWKwiSSrKWsRB/Qt+Ewwza+JWoLKiTuQLaEPhdNAJ7+Dosc9DOIqNy7Q==",
      "requires": {}
    },
    "bootstrap-italia": {
      "version": "2.0.2",
      "resolved": "https://registry.npmjs.org/bootstrap-italia/-/bootstrap-italia-2.0.2.tgz",
      "integrity": "sha512-F3EZ3ANQwbNomhtNu1G95CaJN78FShQTfmuptXfOpSVZNgnwzdVkkB4Mspg8cqPkTeKX2t55N6M8A8P97OVpBA==",
      "requires": {
        "@popperjs/core": "^2.11.2",
        "@splidejs/splide": "^3.6.12",
        "accessible-autocomplete": "^2.0.4",
        "animejs": "^3.2.1",
        "bootstrap": "5.1.3",
        "just-validate": "^3.5.1",
        "masonry-layout": "^4.2.2",
        "progressbar.js": "^1.1.0",
        "uuid": "^8.3.2"
      }
    },
    "desandro-matches-selector": {
      "version": "2.0.2",
      "resolved": "https://registry.npmjs.org/desandro-matches-selector/-/desandro-matches-selector-2.0.2.tgz",
      "integrity": "sha512-+1q0nXhdzg1IpIJdMKalUwvvskeKnYyEe3shPRwedNcWtnhEKT3ZxvFjzywHDeGcKViIxTCAoOYQWP1qD7VNyg=="
    },
    "ev-emitter": {
      "version": "1.1.1",
      "resolved": "https://registry.npmjs.org/ev-emitter/-/ev-emitter-1.1.1.tgz",
      "integrity": "sha512-ipiDYhdQSCZ4hSbX4rMW+XzNKMD1prg/sTvoVmSLkuQ1MVlwjJQQA+sW8tMYR3BLUr9KjodFV4pvzunvRhd33Q=="
    },
    "fizzy-ui-utils": {
      "version": "2.0.7",
      "resolved": "https://registry.npmjs.org/fizzy-ui-utils/-/fizzy-ui-utils-2.0.7.tgz",
      "integrity": "sha512-CZXDVXQ1If3/r8s0T+v+qVeMshhfcuq0rqIFgJnrtd+Bu8GmDmqMjntjUePypVtjHXKJ6V4sw9zeyox34n9aCg==",
      "requires": {
        "desandro-matches-selector": "^2.0.0"
      }
    },
    "fsevents": {
      "version": "2.3.2",
      "resolved": "https://registry.npmjs.org/fsevents/-/fsevents-2.3.2.tgz",
      "integrity": "sha512-xiqMQR4xAeHTuB9uWm+fFRcIOgKBMiOBP+eXiyT7jsgVCq1bkVygt00oASowB7EdtpOHaaPgKt812P9ab+DDKA==",
      "optional": true
    },
    "get-size": {
      "version": "2.0.3",
      "resolved": "https://registry.npmjs.org/get-size/-/get-size-2.0.3.tgz",
      "integrity": "sha512-lXNzT/h/dTjTxRbm9BXb+SGxxzkm97h/PCIKtlN/CBCxxmkkIVV21udumMS93MuVTDX583gqc94v3RjuHmI+2Q=="
    },
    "just-validate": {
      "version": "3.8.1",
      "resolved": "https://registry.npmjs.org/just-validate/-/just-validate-3.8.1.tgz",
      "integrity": "sha512-nkrFDBmBe/NUwjGRZmV9SdKPA6Tmp4NQw7dMxQMJMr576BrQ+e5XpToxVHJpTri6dcXjPaKcXbYw9+3hJ3Wj9w=="
    },
    "masonry-layout": {
      "version": "4.2.2",
      "resolved": "https://registry.npmjs.org/masonry-layout/-/masonry-layout-4.2.2.tgz",
      "integrity": "sha512-iGtAlrpHNyxaR19CvKC3npnEcAwszXoyJiI8ARV2ePi7fmYhIud25MHK8Zx4P0LCC4d3TNO9+rFa1KoK1OEOaA==",
      "requires": {
        "get-size": "^2.0.2",
        "outlayer": "^2.1.0"
      }
    },
    "outlayer": {
      "version": "2.1.1",
      "resolved": "https://registry.npmjs.org/outlayer/-/outlayer-2.1.1.tgz",
      "integrity": "sha512-+GplXsCQ3VrbGujAeHEzP9SXsBmJxzn/YdDSQZL0xqBmAWBmortu2Y9Gwdp9J0bgDQ8/YNIPMoBM13nTwZfAhw==",
      "requires": {
        "ev-emitter": "^1.0.0",
        "fizzy-ui-utils": "^2.0.0",
        "get-size": "^2.0.2"
      }
    },
    "preact": {
      "version": "8.5.3",
      "resolved": "https://registry.npmjs.org/preact/-/preact-8.5.3.tgz",
      "integrity": "sha512-O3kKP+1YdgqHOFsZF2a9JVdtqD+RPzCQc3rP+Ualf7V6rmRDchZ9MJbiGTT7LuyqFKZqlHSOyO/oMFmI2lVTsw=="
    },
    "progressbar.js": {
      "version": "1.1.0",
      "resolved": "https://registry.npmjs.org/progressbar.js/-/progressbar.js-1.1.0.tgz",
      "integrity": "sha512-K68/xcyXKo2I6T3PfIkXrRaycxROmWeU4bugb49iulWR25cU94PM0cfZ47S0jDhG5K3vPhZwCOy1fgb5Pgh6UQ==",
      "requires": {
        "shifty": "^2.1.2"
      }
    },
    "shifty": {
      "version": "2.18.0",
      "resolved": "https://registry.npmjs.org/shifty/-/shifty-2.18.0.tgz",
      "integrity": "sha512-sYM2zW02g9UkB+5Ch7f1WhwAbBkZnesrhpQ5LVZ4x6RcnFTCb0MLJu82/detkTfdAURtU4HLlw4fH6m12lTGNw==",
      "requires": {
        "fsevents": "^2.3.2"
      }
    },
    "uuid": {
      "version": "8.3.2",
      "resolved": "https://registry.npmjs.org/uuid/-/uuid-8.3.2.tgz",
      "integrity": "sha512-+NYs2QeMWy+GWFOEm9xnn6HCDp0l7QBD7ml8zLUmJ+93Q5NF0NocErnwkTkXVFNiX3/fpC6afS8Dhb/gz7R7eg=="
    }
  }
}
